
Microsoft Visual Studio Solution File, Format Version 12.00
# Visual Studio Version 16
VisualStudioVersion = 16.0.30413.136
MinimumVisualStudioVersion = 10.0.40219.1
Project("{FAE04EC0-301F-11D3-BF4B-00C04F79EFBC}") = "Observer", "Observer.csproj", "{D83CA00C-83A8-4579-A3B3-E5F580323FFB}"
EndProject
Global
	GlobalSection(SolutionConfigurationPlatforms) = preSolution
		Debug|Any CPU = Debug|Any CPU
		Release|Any CPU = Release|Any CPU
	EndGlobalSection
	GlobalSection(ProjectConfigurationPlatforms) = postSolution
		{D83CA00C-83A8-4579-A3B3-E5F580323FFB}.Debug|Any CPU.ActiveCfg = Debug|Any CPU
		{D83CA00C-83A8-4579-A3B3-E5F580323FFB}.Debug|Any CPU.Build.0 = Debug|Any CPU
		{D83CA00C-83A8-4579-A3B3-E5F580323FFB}.Release|Any CPU.ActiveCfg = Release|Any CPU
		{D83CA00C-83A8-4579-A3B3-E5F580323FFB}.Release|Any CPU.Build.0 = Release|Any CPU
	EndGlobalSection
	GlobalSection(SolutionProperties) = preSolution
		HideSolutionNode = FALSE
	EndGlobalSection
	GlobalSection(ExtensibilityGlobals) = postSolution
		SolutionGuid = {0B951DC7-30B1-4FF5-8100-69C86345B2B3}
	EndGlobalSection
EndGlobal
