
Microsoft Visual Studio Solution File, Format Version 12.00
# Visual Studio Version 16
VisualStudioVersion = 16.0.30413.136
MinimumVisualStudioVersion = 10.0.40219.1
Project("{FAE04EC0-301F-11D3-BF4B-00C04F79EFBC}") = "Composite", "Composite.csproj", "{DEE1D911-E151-482D-B0AB-F85D974C1F50}"
EndProject
Global
	GlobalSection(SolutionConfigurationPlatforms) = preSolution
		Debug|Any CPU = Debug|Any CPU
		Release|Any CPU = Release|Any CPU
	EndGlobalSection
	GlobalSection(ProjectConfigurationPlatforms) = postSolution
		{DEE1D911-E151-482D-B0AB-F85D974C1F50}.Debug|Any CPU.ActiveCfg = Debug|Any CPU
		{DEE1D911-E151-482D-B0AB-F85D974C1F50}.Debug|Any CPU.Build.0 = Debug|Any CPU
		{DEE1D911-E151-482D-B0AB-F85D974C1F50}.Release|Any CPU.ActiveCfg = Release|Any CPU
		{DEE1D911-E151-482D-B0AB-F85D974C1F50}.Release|Any CPU.Build.0 = Release|Any CPU
	EndGlobalSection
	GlobalSection(SolutionProperties) = preSolution
		HideSolutionNode = FALSE
	EndGlobalSection
	GlobalSection(ExtensibilityGlobals) = postSolution
		SolutionGuid = {92FEA0CE-C4A2-474A-96F8-E9F3C9582151}
	EndGlobalSection
EndGlobal
