
Microsoft Visual Studio Solution File, Format Version 12.00
# Visual Studio Version 16
VisualStudioVersion = 16.0.30413.136
MinimumVisualStudioVersion = 10.0.40219.1
Project("{FAE04EC0-301F-11D3-BF4B-00C04F79EFBC}") = "Adapter", "Adapter.csproj", "{8C967275-C0CC-45CB-8DF7-C2E0F80173B5}"
EndProject
Global
	GlobalSection(SolutionConfigurationPlatforms) = preSolution
		Debug|Any CPU = Debug|Any CPU
		Release|Any CPU = Release|Any CPU
	EndGlobalSection
	GlobalSection(ProjectConfigurationPlatforms) = postSolution
		{8C967275-C0CC-45CB-8DF7-C2E0F80173B5}.Debug|Any CPU.ActiveCfg = Debug|Any CPU
		{8C967275-C0CC-45CB-8DF7-C2E0F80173B5}.Debug|Any CPU.Build.0 = Debug|Any CPU
		{8C967275-C0CC-45CB-8DF7-C2E0F80173B5}.Release|Any CPU.ActiveCfg = Release|Any CPU
		{8C967275-C0CC-45CB-8DF7-C2E0F80173B5}.Release|Any CPU.Build.0 = Release|Any CPU
	EndGlobalSection
	GlobalSection(SolutionProperties) = preSolution
		HideSolutionNode = FALSE
	EndGlobalSection
	GlobalSection(ExtensibilityGlobals) = postSolution
		SolutionGuid = {4390CE52-F7C4-44D6-902B-02568E7AC921}
	EndGlobalSection
EndGlobal
